PODS:
  - Bolts (1.8.4):
    - Bolts/AppLinks (= 1.8.4)
    - Bolts/Tasks (= 1.8.4)
  - Bolts/AppLinks (1.8.4):
    - Bolts/Tasks
  - Bolts/Tasks (1.8.4)
  - FBSDKCoreKit (4.23.0):
    - Bolts (~> 1.7)
  - FBSDKLoginKit (4.23.0):
    - FBSDKCoreKit
  - FBSDKShareKit (4.23.0):
    - FBSDKCoreKit
  - HockeySDK/AllFeaturesLib (4.1.4)
  - iOS-MagnifyingGlass (0.0.2)
  - IQKeyboardManager (4.0.9)

DEPENDENCIES:
  - Bolts
  - FBSDKCoreKit
  - FBSDKLoginKit
  - FBSDKShareKit
  - HockeySDK/AllFeaturesLib
  - iOS-MagnifyingGlass (~> 0.0.2)
  - IQKeyboardManager

SPEC CHECKSUMS:
  Bolts: 8a7995239dbe724f9cba2248b766d48b7ebdd322
  FBSDKCoreKit: d7829f5a69901cd7296105328e4c3c3fc7da6518
  FBSDKLoginKit: 6b92bd65f319d669d2b0730e49db495ef1660566
  FBSDKShareKit: 65751c3b9937ab9d594e6c37611ecc115ceeb448
  HockeySDK: 78a3f8bb9100277b531defc56c970369a3ca267a
  iOS-MagnifyingGlass: b11b7d3e8be7de22c85f0edcaa75538bdf0827dc
  IQKeyboardManager: 322c7405df3eb5f7e50dede32ea937bf3d4364e0

PODFILE CHECKSUM: 578b03c7e986b3b3099fbd2546d2d5c7721d289c

COCOAPODS: 1.2.1
